
Microsoft Visual Studio Solution File, Format Version 12.00
# Visual Studio 15
VisualStudioVersion = 15.0.28307.960
MinimumVisualStudioVersion = 10.0.40219.1
Project("{FAE04EC0-301F-11D3-BF4B-00C04F79EFBC}") = "BET_eCommerceAPI", "BET-eCommerceAPI\BET_eCommerceAPI.csproj", "{94E57542-B84C-453F-A2CD-E83321206BD6}"
EndProject
Global
	GlobalSection(SolutionConfigurationPlatforms) = preSolution
		Debug|Any CPU = Debug|Any CPU
		Release|Any CPU = Release|Any CPU
	EndGlobalSection
	GlobalSection(ProjectConfigurationPlatforms) = postSolution
		{94E57542-B84C-453F-A2CD-E83321206BD6}.Debug|Any CPU.ActiveCfg = Debug|Any CPU
		{94E57542-B84C-453F-A2CD-E83321206BD6}.Debug|Any CPU.Build.0 = Debug|Any CPU
		{94E57542-B84C-453F-A2CD-E83321206BD6}.Release|Any CPU.ActiveCfg = Release|Any CPU
		{94E57542-B84C-453F-A2CD-E83321206BD6}.Release|Any CPU.Build.0 = Release|Any CPU
	EndGlobalSection
	GlobalSection(SolutionProperties) = preSolution
		HideSolutionNode = FALSE
	EndGlobalSection
	GlobalSection(ExtensibilityGlobals) = postSolution
		SolutionGuid = {113D354F-EB0D-4012-9AB7-87AA81743C15}
	EndGlobalSection
EndGlobal
